
Microsoft Visual Studio Solution File, Format Version 12.00
# Visual Studio 15
VisualStudioVersion = 15.0.28010.2026
MinimumVisualStudioVersion = 10.0.40219.1
Project("{9A19103F-16F7-4668-BE54-9A1E7A4F7556}") = "App2c2pTest", "App2c2pTest\App2c2pTest.csproj", "{2923FF67-82F0-459A-A556-E8C8F0D10604}"
EndProject
Project("{9A19103F-16F7-4668-BE54-9A1E7A4F7556}") = "App2c2cTest.Tests", "App2c2cTest.Tests\App2c2cTest.Tests.csproj", "{6D87024B-9AC3-413A-90FA-EE666589CC64}"
EndProject
Project("{9A19103F-16F7-4668-BE54-9A1E7A4F7556}") = "App2c2pTest.Repository", "Repository\App2c2pTest.Repository.csproj", "{B3BA6A2A-5C4D-48B3-86D8-18A843C8E020}"
EndProject
Project("{9A19103F-16F7-4668-BE54-9A1E7A4F7556}") = "App2c2pTest.Data", "App2c2pTest.Data\App2c2pTest.Data.csproj", "{AA1DA828-27D4-4AD0-A13A-027D4A3979A5}"
EndProject
Global
	GlobalSection(SolutionConfigurationPlatforms) = preSolution
		Debug|Any CPU = Debug|Any CPU
		Release|Any CPU = Release|Any CPU
	EndGlobalSection
	GlobalSection(ProjectConfigurationPlatforms) = postSolution
		{2923FF67-82F0-459A-A556-E8C8F0D10604}.Debug|Any CPU.ActiveCfg = Debug|Any CPU
		{2923FF67-82F0-459A-A556-E8C8F0D10604}.Debug|Any CPU.Build.0 = Debug|Any CPU
		{2923FF67-82F0-459A-A556-E8C8F0D10604}.Release|Any CPU.ActiveCfg = Release|Any CPU
		{2923FF67-82F0-459A-A556-E8C8F0D10604}.Release|Any CPU.Build.0 = Release|Any CPU
		{6D87024B-9AC3-413A-90FA-EE666589CC64}.Debug|Any CPU.ActiveCfg = Debug|Any CPU
		{6D87024B-9AC3-413A-90FA-EE666589CC64}.Debug|Any CPU.Build.0 = Debug|Any CPU
		{6D87024B-9AC3-413A-90FA-EE666589CC64}.Release|Any CPU.ActiveCfg = Release|Any CPU
		{6D87024B-9AC3-413A-90FA-EE666589CC64}.Release|Any CPU.Build.0 = Release|Any CPU
		{B3BA6A2A-5C4D-48B3-86D8-18A843C8E020}.Debug|Any CPU.ActiveCfg = Debug|Any CPU
		{B3BA6A2A-5C4D-48B3-86D8-18A843C8E020}.Debug|Any CPU.Build.0 = Debug|Any CPU
		{B3BA6A2A-5C4D-48B3-86D8-18A843C8E020}.Release|Any CPU.ActiveCfg = Release|Any CPU
		{B3BA6A2A-5C4D-48B3-86D8-18A843C8E020}.Release|Any CPU.Build.0 = Release|Any CPU
		{AA1DA828-27D4-4AD0-A13A-027D4A3979A5}.Debug|Any CPU.ActiveCfg = Debug|Any CPU
		{AA1DA828-27D4-4AD0-A13A-027D4A3979A5}.Debug|Any CPU.Build.0 = Debug|Any CPU
		{AA1DA828-27D4-4AD0-A13A-027D4A3979A5}.Release|Any CPU.ActiveCfg = Release|Any CPU
		{AA1DA828-27D4-4AD0-A13A-027D4A3979A5}.Release|Any CPU.Build.0 = Release|Any CPU
	EndGlobalSection
	GlobalSection(SolutionProperties) = preSolution
		HideSolutionNode = FALSE
	EndGlobalSection
	GlobalSection(ExtensibilityGlobals) = postSolution
		SolutionGuid = {D18BA979-2B80-4300-B5AF-74B44134BFD5}
	EndGlobalSection
EndGlobal
